// !$*UTF8*$!
{
	archiveVersion = 1;
	classes = {
	};
	objectVersion = 56;
	objects = {

/* Begin PBXBuildFile section */
		B92030E129B39E4400207F9C /* AppDelegate.swift in Sources */ = {isa = PBXBuildFile; fileRef = B92030E029B39E4400207F9C /* AppDelegate.swift */; };
		B92030E329B39E4400207F9C /* SceneDelegate.swift in Sources */ = {isa = PBXBuildFile; fileRef = B92030E229B39E4400207F9C /* SceneDelegate.swift */; };
		B92030E529B39E4400207F9C /* ViewController.swift in Sources */ = {isa = PBXBuildFile; fileRef = B92030E429B39E4400207F9C /* ViewController.swift */; };
		B92030E829B39E4400207F9C /* Main.storyboard in Resources */ = {isa = PBXBuildFile; fileRef = B92030E629B39E4400207F9C /* Main.storyboard */; };
		B92030EA29B39E4500207F9C /* Assets.xcassets in Resources */ = {isa = PBXBuildFile; fileRef = B92030E929B39E4500207F9C /* Assets.xcassets */; };
		B92030ED29B39E4500207F9C /* LaunchScreen.storyboard in Resources */ = {isa = PBXBuildFile; fileRef = B92030EB29B39E4500207F9C /* LaunchScreen.storyboard */; };
		B92030F829B39E4500207F9C /* calcTests.swift in Sources */ = {isa = PBXBuildFile; fileRef = B92030F729B39E4500207F9C /* calcTests.swift */; };
		B920310229B39E4500207F9C /* calcUITests.swift in Sources */ = {isa = PBXBuildFile; fileRef = B920310129B39E4500207F9C /* calcUITests.swift */; };
		B920310429B39E4500207F9C /* calcUITestsLaunchTests.swift in Sources */ = {isa = PBXBuildFile; fileRef = B920310329B39E4500207F9C /* calcUITestsLaunchTests.swift */; };
/* End PBXBuildFile section */

/* Begin PBXContainerItemProxy section */
		B92030F429B39E4500207F9C /* PBXContainerItemProxy */ = {
			isa = PBXContainerItemProxy;
			containerPortal = B92030D529B39E4400207F9C /* Project object */;
			proxyType = 1;
			remoteGlobalIDString = B92030DC29B39E4400207F9C;
			remoteInfo = calc;
		};
		B92030FE29B39E4500207F9C /* PBXContainerItemProxy */ = {
			isa = PBXContainerItemProxy;
			containerPortal = B92030D529B39E4400207F9C /* Project object */;
			proxyType = 1;
			remoteGlobalIDString = B92030DC29B39E4400207F9C;
			remoteInfo = calc;
		};
/* End PBXContainerItemProxy section */

/* Begin PBXFileReference section */
		B92030DD29B39E4400207F9C /* calc.app */ = {isa = PBXFileReference; explicitFileType = wrapper.application; includeInIndex = 0; path = calc.app; sourceTree = BUILT_PRODUCTS_DIR; };
		B92030E029B39E4400207F9C /* AppDelegate.swift */ = {isa = PBXFileReference; lastKnownFileType = sourcecode.swift; path = AppDelegate.swift; sourceTree = "<group>"; };
		B92030E229B39E4400207F9C /* SceneDelegate.swift */ = {isa = PBXFileReference; lastKnownFileType = sourcecode.swift; path = SceneDelegate.swift; sourceTree = "<group>"; };
		B92030E429B39E4400207F9C /* ViewController.swift */ = {isa = PBXFileReference; lastKnownFileType = sourcecode.swift; path = ViewController.swift; sourceTree = "<group>"; };
		B92030E729B39E4400207F9C /* Base */ = {isa = PBXFileReference; lastKnownFileType = file.storyboard; name = Base; path = Base.lproj/Main.storyboard; sourceTree = "<group>"; };
		B92030E929B39E4500207F9C /* Assets.xcassets */ = {isa = PBXFileReference; lastKnownFileType = folder.assetcatalog; path = Assets.xcassets; sourceTree = "<group>"; };
		B92030EC29B39E4500207F9C /* Base */ = {isa = PBXFileReference; lastKnownFileType = file.storyboard; name = Base; path = Base.lproj/LaunchScreen.storyboard; sourceTree = "<group>"; };
		B92030EE29B39E4500207F9C /* Info.plist */ = {isa = PBXFileReference; lastKnownFileType = text.plist.xml; path = Info.plist; sourceTree = "<group>"; };
		B92030F329B39E4500207F9C /* calcTests.xctest */ = {isa = PBXFileReference; explicitFileType = wrapper.cfbundle; includeInIndex = 0; path = calcTests.xctest; sourceTree = BUILT_PRODUCTS_DIR; };
		B92030F729B39E4500207F9C /* calcTests.swift */ = {isa = PBXFileReference; lastKnownFileType = sourcecode.swift; path = calcTests.swift; sourceTree = "<group>"; };
		B92030FD29B39E4500207F9C /* calcUITests.xctest */ = {isa = PBXFileReference; explicitFileType = wrapper.cfbundle; includeInIndex = 0; path = calcUITests.xctest; sourceTree = BUILT_PRODUCTS_DIR; };
		B920310129B39E4500207F9C /* calcUITests.swift */ = {isa = PBXFileReference; lastKnownFileType = sourcecode.swift; path = calcUITests.swift; sourceTree = "<group>"; };
		B920310329B39E4500207F9C /* calcUITestsLaunchTests.swift */ = {isa = PBXFileReference; lastKnownFileType = sourcecode.swift; path = calcUITestsLaunchTests.swift; sourceTree = "<group>"; };
/* End PBXFileReference section */

/* Begin PBXFrameworksBuildPhase section */
		B92030DA29B39E4400207F9C /* Frameworks */ = {
			isa = PBXFrameworksBuildPhase;
			buildActionMask = 2147483647;
			files = (
			);
			runOnlyForDeploymentPostprocessing = 0;
		};
		B92030F029B39E4500207F9C /* Frameworks */ = {
			isa = PBXFrameworksBuildPhase;
			buildActionMask = 2147483647;
			files = (
			);
			runOnlyForDeploymentPostprocessing = 0;
		};
		B92030FA29B39E4500207F9C /* Frameworks */ = {
			isa = PBXFrameworksBuildPhase;
			buildActionMask = 2147483647;
			files = (
			);
			runOnlyForDeploymentPostprocessing = 0;
		};
/* End PBXFrameworksBuildPhase section */

/* Begin PBXGroup section */
		B92030D429B39E4400207F9C = {
			isa = PBXGroup;
			children = (
				B92030DF29B39E4400207F9C /* calc */,
				B92030F629B39E4500207F9C /* calcTests */,
				B920310029B39E4500207F9C /* calcUITests */,
				B92030DE29B39E4400207F9C /* Products */,
			);
			sourceTree = "<group>";
		};
		B92030DE29B39E4400207F9C /* Products */ = {
			isa = PBXGroup;
			children = (
				B92030DD29B39E4400207F9C /* calc.app */,
				B92030F329B39E4500207F9C /* calcTests.xctest */,
				B92030FD29B39E4500207F9C /* calcUITests.xctest */,
			);
			name = Products;
			sourceTree = "<group>";
		};
		B92030DF29B39E4400207F9C /* calc */ = {
			isa = PBXGroup;
			children = (
				B92030E029B39E4400207F9C /* AppDelegate.swift */,
				B92030E229B39E4400207F9C /* SceneDelegate.swift */,
				B92030E429B39E4400207F9C /* ViewController.swift */,
				B92030E629B39E4400207F9C /* Main.storyboard */,
				B92030E929B39E4500207F9C /* Assets.xcassets */,
				B92030EB29B39E4500207F9C /* LaunchScreen.storyboard */,
				B92030EE29B39E4500207F9C /* Info.plist */,
			);
			path = calc;
			sourceTree = "<group>";
		};
		B92030F629B39E4500207F9C /* calcTests */ = {
			isa = PBXGroup;
			children = (
				B92030F729B39E4500207F9C /* calcTests.swift */,
			);
			path = calcTests;
			sourceTree = "<group>";
		};
		B920310029B39E4500207F9C /* calcUITests */ = {
			isa = PBXGroup;
			children = (
				B920310129B39E4500207F9C /* calcUITests.swift */,
				B920310329B39E4500207F9C /* calcUITestsLaunchTests.swift */,
			);
			path = calcUITests;
			sourceTree = "<group>";
		};
/* End PBXGroup section */

/* Begin PBXNativeTarget section */
		B92030DC29B39E4400207F9C /* calc */ = {
			isa = PBXNativeTarget;
			buildConfigurationList = B920310729B39E4500207F9C /* Build configuration list for PBXNativeTarget "calc" */;
			buildPhases = (
				B92030D929B39E4400207F9C /* Sources */,
				B92030DA29B39E4400207F9C /* Frameworks */,
				B92030DB29B39E4400207F9C /* Resources */,
			);
			buildRules = (
			);
			dependencies = (
			);
			name = calc;
			productName = calc;
			productReference = B92030DD29B39E4400207F9C /* calc.app */;
			productType = "com.apple.product-type.application";
		};
		B92030F229B39E4500207F9C /* calcTests */ = {
			isa = PBXNativeTarget;
			buildConfigurationList = B920310A29B39E4500207F9C /* Build configuration list for PBXNativeTarget "calcTests" */;
			buildPhases = (
				B92030EF29B39E4500207F9C /* Sources */,
				B92030F029B39E4500207F9C /* Frameworks */,
				B92030F129B39E4500207F9C /* Resources */,
			);
			buildRules = (
			);
			dependencies = (
				B92030F529B39E4500207F9C /* PBXTargetDependency */,
			);
			name = calcTests;
			productName = calcTests;
			productReference = B92030F329B39E4500207F9C /* calcTests.xctest */;
			productType = "com.apple.product-type.bundle.unit-test";
		};
		B92030FC29B39E4500207F9C /* calcUITests */ = {
			isa = PBXNativeTarget;
			buildConfigurationList = B920310D29B39E4500207F9C /* Build configuration list for PBXNativeTarget "calcUITests" */;
			buildPhases = (
				B92030F929B39E4500207F9C /* Sources */,
				B92030FA29B39E4500207F9C /* Frameworks */,
				B92030FB29B39E4500207F9C /* Resources */,
			);
			buildRules = (
			);
			dependencies = (
				B92030FF29B39E4500207F9C /* PBXTargetDependency */,
			);
			name = calcUITests;
			productName = calcUITests;
			productReference = B92030FD29B39E4500207F9C /* calcUITests.xctest */;
			productType = "com.apple.product-type.bundle.ui-testing";
		};
/* End PBXNativeTarget section */

/* Begin PBXProject section */
		B92030D529B39E4400207F9C /* Project object */ = {
			isa = PBXProject;
			attributes = {
				BuildIndependentTargetsInParallel = 1;
				LastSwiftUpdateCheck = 1420;
				LastUpgradeCheck = 1420;
				TargetAttributes = {
					B92030DC29B39E4400207F9C = {
						CreatedOnToolsVersion = 14.2;
					};
					B92030F229B39E4500207F9C = {
						CreatedOnToolsVersion = 14.2;
						TestTargetID = B92030DC29B39E4400207F9C;
					};
					B92030FC29B39E4500207F9C = {
						CreatedOnToolsVersion = 14.2;
						TestTargetID = B92030DC29B39E4400207F9C;
					};
				};
			};
			buildConfigurationList = B92030D829B39E4400207F9C /* Build configuration list for PBXProject "calc" */;
			compatibilityVersion = "Xcode 14.0";
			developmentRegion = en;
			hasScannedForEncodings = 0;
			knownRegions = (
				en,
				Base,
			);
			mainGroup = B92030D429B39E4400207F9C;
			productRefGroup = B92030DE29B39E4400207F9C /* Products */;
			projectDirPath = "";
			projectRoot = "";
			targets = (
				B92030DC29B39E4400207F9C /* calc */,
				B92030F229B39E4500207F9C /* calcTests */,
				B92030FC29B39E4500207F9C /* calcUITests */,
			);
		};
/* End PBXProject section */

/* Begin PBXResourcesBuildPhase section */
		B92030DB29B39E4400207F9C /* Resources */ = {
			isa = PBXResourcesBuildPhase;
			buildActionMask = 2147483647;
			files = (
				B92030ED29B39E4500207F9C /* LaunchScreen.storyboard in Resources */,
				B92030EA29B39E4500207F9C /* Assets.xcassets in Resources */,
				B92030E829B39E4400207F9C /* Main.storyboard in Resources */,
			);
			runOnlyForDeploymentPostprocessing = 0;
		};
		B92030F129B39E4500207F9C /* Resources */ = {
			isa = PBXResourcesBuildPhase;
			buildActionMask = 2147483647;
			files = (
			);
			runOnlyForDeploymentPostprocessing = 0;
		};
		B92030FB29B39E4500207F9C /* Resources */ = {
			isa = PBXResourcesBuildPhase;
			buildActionMask = 2147483647;
			files = (
			);
			runOnlyForDeploymentPostprocessing = 0;
		};
/* End PBXResourcesBuildPhase section */

/* Begin PBXSourcesBuildPhase section */
		B92030D929B39E4400207F9C /* Sources */ = {
			isa = PBXSourcesBuildPhase;
			buildActionMask = 2147483647;
			files = (
				B92030E529B39E4400207F9C /* ViewController.swift in Sources */,
				B92030E129B39E4400207F9C /* AppDelegate.swift in Sources */,
				B92030E329B39E4400207F9C /* SceneDelegate.swift in Sources */,
			);
			runOnlyForDeploymentPostprocessing = 0;
		};
		B92030EF29B39E4500207F9C /* Sources */ = {
			isa = PBXSourcesBuildPhase;
			buildActionMask = 2147483647;
			files = (
				B92030F829B39E4500207F9C /* calcTests.swift in Sources */,
			);
			runOnlyForDeploymentPostprocessing = 0;
		};
		B92030F929B39E4500207F9C /* Sources */ = {
			isa = PBXSourcesBuildPhase;
			buildActionMask = 2147483647;
			files = (
				B920310229B39E4500207F9C /* calcUITests.swift in Sources */,
				B920310429B39E4500207F9C /* calcUITestsLaunchTests.swift in Sources */,
			);
			runOnlyForDeploymentPostprocessing = 0;
		};
/* End PBXSourcesBuildPhase section */

/* Begin PBXTargetDependency section */
		B92030F529B39E4500207F9C /* PBXTargetDependency */ = {
			isa = PBXTargetDependency;
			target = B92030DC29B39E4400207F9C /* calc */;
			targetProxy = B92030F429B39E4500207F9C /* PBXContainerItemProxy */;
		};
		B92030FF29B39E4500207F9C /* PBXTargetDependency */ = {
			isa = PBXTargetDependency;
			target = B92030DC29B39E4400207F9C /* calc */;
			targetProxy = B92030FE29B39E4500207F9C /* PBXContainerItemProxy */;
		};
/* End PBXTargetDependency section */

/* Begin PBXVariantGroup section */
		B92030E629B39E4400207F9C /* Main.storyboard */ = {
			isa = PBXVariantGroup;
			children = (
				B92030E729B39E4400207F9C /* Base */,
			);
			name = Main.storyboard;
			sourceTree = "<group>";
		};
		B92030EB29B39E4500207F9C /* LaunchScreen.storyboard */ = {
			isa = PBXVariantGroup;
			children = (
				B92030EC29B39E4500207F9C /* Base */,
			);
			name = LaunchScreen.storyboard;
			sourceTree = "<group>";
		};
/* End PBXVariantGroup section */

/* Begin XCBuildConfiguration section */
		B920310529B39E4500207F9C /* Debug */ = {
			isa = XCBuildConfiguration;
			buildSettings = {
				ALWAYS_SEARCH_USER_PATHS = NO;
				CLANG_ANALYZER_NONNULL = YES;
				CLANG_ANALYZER_NUMBER_OBJECT_CONVERSION = YES_AGGRESSIVE;
				CLANG_CXX_LANGUAGE_STANDARD = "gnu++20";
				CLANG_ENABLE_MODULES = YES;
				CLANG_ENABLE_OBJC_ARC = YES;
				CLANG_ENABLE_OBJC_WEAK = YES;
				CLANG_WARN_BLOCK_CAPTURE_AUTORELEASING = YES;
				CLANG_WARN_BOOL_CONVERSION = YES;
				CLANG_WARN_COMMA = YES;
				CLANG_WARN_CONSTANT_CONVERSION = YES;
				CLANG_WARN_DEPRECATED_OBJC_IMPLEMENTATIONS = YES;
				CLANG_WARN_DIRECT_OBJC_ISA_USAGE = YES_ERROR;
				CLANG_WARN_DOCUMENTATION_COMMENTS = YES;
				CLANG_WARN_EMPTY_BODY = YES;
				CLANG_WARN_ENUM_CONVERSION = YES;
				CLANG_WARN_INFINITE_RECURSION = YES;
				CLANG_WARN_INT_CONVERSION = YES;
				CLANG_WARN_NON_LITERAL_NULL_CONVERSION = YES;
				CLANG_WARN_OBJC_IMPLICIT_RETAIN_SELF = YES;
				CLANG_WARN_OBJC_LITERAL_CONVERSION = YES;
				CLANG_WARN_OBJC_ROOT_CLASS = YES_ERROR;
				CLANG_WARN_QUOTED_INCLUDE_IN_FRAMEWORK_HEADER = YES;
				CLANG_WARN_RANGE_LOOP_ANALYSIS = YES;
				CLANG_WARN_STRICT_PROTOTYPES = YES;
				CLANG_WARN_SUSPICIOUS_MOVE = YES;
				CLANG_WARN_UNGUARDED_AVAILABILITY = YES_AGGRESSIVE;
				CLANG_WARN_UNREACHABLE_CODE = YES;
				CLANG_WARN__DUPLICATE_METHOD_MATCH = YES;
				COPY_PHASE_STRIP = NO;
				DEBUG_INFORMATION_FORMAT = dwarf;
				ENABLE_STRICT_OBJC_MSGSEND = YES;
				ENABLE_TESTABILITY = YES;
				GCC_C_LANGUAGE_STANDARD = gnu11;
				GCC_DYNAMIC_NO_PIC = NO;
				GCC_NO_COMMON_BLOCKS = YES;
				GCC_OPTIMIZATION_LEVEL = 0;
				GCC_PREPROCESSOR_DEFINITIONS = (
					"DEBUG=1",
					"$(inherited)",
				);
				GCC_WARN_64_TO_32_BIT_CONVERSION = YES;
				GCC_WARN_ABOUT_RETURN_TYPE = YES_ERROR;
				GCC_WARN_UNDECLARED_SELECTOR = YES;
				GCC_WARN_UNINITIALIZED_AUTOS = YES_AGGRESSIVE;
				GCC_WARN_UNUSED_FUNCTION = YES;
				GCC_WARN_UNUSED_VARIABLE = YES;
				IPHONEOS_DEPLOYMENT_TARGET = 16.2;
				MTL_ENABLE_DEBUG_INFO = INCLUDE_SOURCE;
				MTL_FAST_MATH = YES;
				ONLY_ACTIVE_ARCH = YES;
				SDKROOT = iphoneos;
				SWIFT_ACTIVE_COMPILATION_CONDITIONS = DEBUG;
				SWIFT_OPTIMIZATION_LEVEL = "-Onone";
			};
			name = Debug;
		};
		B920310629B39E4500207F9C /* Release */ = {
			isa = XCBuildConfiguration;
			buildSettings = {
				ALWAYS_SEARCH_USER_PATHS = NO;
				CLANG_ANALYZER_NONNULL = YES;
				CLANG_ANALYZER_NUMBER_OBJECT_CONVERSION = YES_AGGRESSIVE;
				CLANG_CXX_LANGUAGE_STANDARD = "gnu++20";
				CLANG_ENABLE_MODULES = YES;
				CLANG_ENABLE_OBJC_ARC = YES;
				CLANG_ENABLE_OBJC_WEAK = YES;
				CLANG_WARN_BLOCK_CAPTURE_AUTORELEASING = YES;
				CLANG_WARN_BOOL_CONVERSION = YES;
				CLANG_WARN_COMMA = YES;
				CLANG_WARN_CONSTANT_CONVERSION = YES;
				CLANG_WARN_DEPRECATED_OBJC_IMPLEMENTATIONS = YES;
				CLANG_WARN_DIRECT_OBJC_ISA_USAGE = YES_ERROR;
				CLANG_WARN_DOCUMENTATION_COMMENTS = YES;
				CLANG_WARN_EMPTY_BODY = YES;
				CLANG_WARN_ENUM_CONVERSION = YES;
				CLANG_WARN_INFINITE_RECURSION = YES;
				CLANG_WARN_INT_CONVERSION = YES;
				CLANG_WARN_NON_LITERAL_NULL_CONVERSION = YES;
				CLANG_WARN_OBJC_IMPLICIT_RETAIN_SELF = YES;
				CLANG_WARN_OBJC_LITERAL_CONVERSION = YES;
				CLANG_WARN_OBJC_ROOT_CLASS = YES_ERROR;
				CLANG_WARN_QUOTED_INCLUDE_IN_FRAMEWORK_HEADER = YES;
				CLANG_WARN_RANGE_LOOP_ANALYSIS = YES;
				CLANG_WARN_STRICT_PROTOTYPES = YES;
				CLANG_WARN_SUSPICIOUS_MOVE = YES;
				CLANG_WARN_UNGUARDED_AVAILABILITY = YES_AGGRESSIVE;
				CLANG_WARN_UNREACHABLE_CODE = YES;
				CLANG_WARN__DUPLICATE_METHOD_MATCH = YES;
				COPY_PHASE_STRIP = NO;
				DEBUG_INFORMATION_FORMAT = "dwarf-with-dsym";
				ENABLE_NS_ASSERTIONS = NO;
				ENABLE_STRICT_OBJC_MSGSEND = YES;
				GCC_C_LANGUAGE_STANDARD = gnu11;
				GCC_NO_COMMON_BLOCKS = YES;
				GCC_WARN_64_TO_32_BIT_CONVERSION = YES;
				GCC_WARN_ABOUT_RETURN_TYPE = YES_ERROR;
				GCC_WARN_UNDECLARED_SELECTOR = YES;
				GCC_WARN_UNINITIALIZED_AUTOS = YES_AGGRESSIVE;
				GCC_WARN_UNUSED_FUNCTION = YES;
				GCC_WARN_UNUSED_VARIABLE = YES;
				IPHONEOS_DEPLOYMENT_TARGET = 16.2;
				MTL_ENABLE_DEBUG_INFO = NO;
				MTL_FAST_MATH = YES;
				SDKROOT = iphoneos;
				SWIFT_COMPILATION_MODE = wholemodule;
				SWIFT_OPTIMIZATION_LEVEL = "-O";
				VALIDATE_PRODUCT = YES;
			};
			name = Release;
		};
		B920310829B39E4500207F9C /* Debug */ = {
			isa = XCBuildConfiguration;
			buildSettings = {
				ASSETCATALOG_COMPILER_APPICON_NAME = AppIcon;
				ASSETCATALOG_COMPILER_GLOBAL_ACCENT_COLOR_NAME = AccentColor;
				CODE_SIGN_STYLE = Automatic;
				CURRENT_PROJECT_VERSION = 1;
				DEVELOPMENT_TEAM = 2G9P37MK73;
				GENERATE_INFOPLIST_FILE = YES;
				INFOPLIST_FILE = calc/Info.plist;
				INFOPLIST_KEY_UIApplicationSupportsIndirectInputEvents = YES;
				INFOPLIST_KEY_UILaunchStoryboardName = LaunchScreen;
				INFOPLIST_KEY_UIMainStoryboardFile = Main;
				INFOPLIST_KEY_UISupportedInterfaceOrientations_iPad = "UIInterfaceOrientationPortrait UIInterfaceOrientationPortraitUpsideDown UIInterfaceOrientationLandscapeLeft UIInterfaceOrientationLandscapeRight";
				INFOPLIST_KEY_UISupportedInterfaceOrientations_iPhone = "UIInterfaceOrientationPortrait UIInterfaceOrientationLandscapeLeft UIInterfaceOrientationLandscapeRight";
				LD_RUNPATH_SEARCH_PATHS = (
					"$(inherited)",
					"@executable_path/Frameworks",
				);
				MARKETING_VERSION = 1.0;
				PRODUCT_BUNDLE_IDENTIFIER = com.calc.calc;
				PRODUCT_NAME = "$(TARGET_NAME)";
				SWIFT_EMIT_LOC_STRINGS = YES;
				SWIFT_VERSION = 5.0;
				TARGETED_DEVICE_FAMILY = "1,2";
			};
			name = Debug;
		};
		B920310929B39E4500207F9C /* Release */ = {
			isa = XCBuildConfiguration;
			buildSettings = {
				ASSETCATALOG_COMPILER_APPICON_NAME = AppIcon;
				ASSETCATALOG_COMPILER_GLOBAL_ACCENT_COLOR_NAME = AccentColor;
				CODE_SIGN_STYLE = Automatic;
				CURRENT_PROJECT_VERSION = 1;
				DEVELOPMENT_TEAM = 2G9P37MK73;
				GENERATE_INFOPLIST_FILE = YES;
				INFOPLIST_FILE = calc/Info.plist;
				INFOPLIST_KEY_UIApplicationSupportsIndirectInputEvents = YES;
				INFOPLIST_KEY_UILaunchStoryboardName = LaunchScreen;
				INFOPLIST_KEY_UIMainStoryboardFile = Main;
				INFOPLIST_KEY_UISupportedInterfaceOrientations_iPad = "UIInterfaceOrientationPortrait UIInterfaceOrientationPortraitUpsideDown UIInterfaceOrientationLandscapeLeft UIInterfaceOrientationLandscapeRight";
				INFOPLIST_KEY_UISupportedInterfaceOrientations_iPhone = "UIInterfaceOrientationPortrait UIInterfaceOrientationLandscapeLeft UIInterfaceOrientationLandscapeRight";
				LD_RUNPATH_SEARCH_PATHS = (
					"$(inherited)",
					"@executable_path/Frameworks",
				);
				MARKETING_VERSION = 1.0;
				PRODUCT_BUNDLE_IDENTIFIER = com.calc.calc;
				PRODUCT_NAME = "$(TARGET_NAME)";
				SWIFT_EMIT_LOC_STRINGS = YES;
				SWIFT_VERSION = 5.0;
				TARGETED_DEVICE_FAMILY = "1,2";
			};
			name = Release;
		};
		B920310B29B39E4500207F9C /* Debug */ = {
			isa = XCBuildConfiguration;
			buildSettings = {
				ALWAYS_EMBED_SWIFT_STANDARD_LIBRARIES = YES;
				BUNDLE_LOADER = "$(TEST_HOST)";
				CODE_SIGN_STYLE = Automatic;
				CURRENT_PROJECT_VERSION = 1;
				DEVELOPMENT_TEAM = 2G9P37MK73;
				GENERATE_INFOPLIST_FILE = YES;
				IPHONEOS_DEPLOYMENT_TARGET = 16.2;
				MARKETING_VERSION = 1.0;
				PRODUCT_BUNDLE_IDENTIFIER = com.calc.calcTests;
				PRODUCT_NAME = "$(TARGET_NAME)";
				SWIFT_EMIT_LOC_STRINGS = NO;
				SWIFT_VERSION = 5.0;
				TARGETED_DEVICE_FAMILY = "1,2";
				TEST_HOST = "$(BUILT_PRODUCTS_DIR)/calc.app/$(BUNDLE_EXECUTABLE_FOLDER_PATH)/calc";
			};
			name = Debug;
		};
		B920310C29B39E4500207F9C /* Release */ = {
			isa = XCBuildConfiguration;
			buildSettings = {
				ALWAYS_EMBED_SWIFT_STANDARD_LIBRARIES = YES;
				BUNDLE_LOADER = "$(TEST_HOST)";
				CODE_SIGN_STYLE = Automatic;
				CURRENT_PROJECT_VERSION = 1;
				DEVELOPMENT_TEAM = 2G9P37MK73;
				GENERATE_INFOPLIST_FILE = YES;
				IPHONEOS_DEPLOYMENT_TARGET = 16.2;
				MARKETING_VERSION = 1.0;
				PRODUCT_BUNDLE_IDENTIFIER = com.calc.calcTests;
				PRODUCT_NAME = "$(TARGET_NAME)";
				SWIFT_EMIT_LOC_STRINGS = NO;
				SWIFT_VERSION = 5.0;
				TARGETED_DEVICE_FAMILY = "1,2";
				TEST_HOST = "$(BUILT_PRODUCTS_DIR)/calc.app/$(BUNDLE_EXECUTABLE_FOLDER_PATH)/calc";
			};
			name = Release;
		};
		B920310E29B39E4500207F9C /* Debug */ = {
			isa = XCBuildConfiguration;
			buildSettings = {
				ALWAYS_EMBED_SWIFT_STANDARD_LIBRARIES = YES;
				CODE_SIGN_STYLE = Automatic;
				CURRENT_PROJECT_VERSION = 1;
				DEVELOPMENT_TEAM = 2G9P37MK73;
				GENERATE_INFOPLIST_FILE = YES;
				MARKETING_VERSION = 1.0;
				PRODUCT_BUNDLE_IDENTIFIER = com.calc.calcUITests;
				PRODUCT_NAME = "$(TARGET_NAME)";
				SWIFT_EMIT_LOC_STRINGS = NO;
				SWIFT_VERSION = 5.0;
				TARGETED_DEVICE_FAMILY = "1,2";
				TEST_TARGET_NAME = calc;
			};
			name = Debug;
		};
		B920310F29B39E4500207F9C /* Release */ = {
			isa = XCBuildConfiguration;
			buildSettings = {
				ALWAYS_EMBED_SWIFT_STANDARD_LIBRARIES = YES;
				CODE_SIGN_STYLE = Automatic;
				CURRENT_PROJECT_VERSION = 1;
				DEVELOPMENT_TEAM = 2G9P37MK73;
				GENERATE_INFOPLIST_FILE = YES;
				MARKETING_VERSION = 1.0;
				PRODUCT_BUNDLE_IDENTIFIER = com.calc.calcUITests;
				PRODUCT_NAME = "$(TARGET_NAME)";
				SWIFT_EMIT_LOC_STRINGS = NO;
				SWIFT_VERSION = 5.0;
				TARGETED_DEVICE_FAMILY = "1,2";
				TEST_TARGET_NAME = calc;
			};
			name = Release;
		};
/* End XCBuildConfiguration section */

/* Begin XCConfigurationList section */
		B92030D829B39E4400207F9C /* Build configuration list for PBXProject "calc" */ = {
			isa = XCConfigurationList;
			buildConfigurations = (
				B920310529B39E4500207F9C /* Debug */,
				B920310629B39E4500207F9C /* Release */,
			);
			defaultConfigurationIsVisible = 0;
			defaultConfigurationName = Release;
		};
		B920310729B39E4500207F9C /* Build configuration list for PBXNativeTarget "calc" */ = {
			isa = XCConfigurationList;
			buildConfigurations = (
				B920310829B39E4500207F9C /* Debug */,
				B920310929B39E4500207F9C /* Release */,
			);
			defaultConfigurationIsVisible = 0;
			defaultConfigurationName = Release;
		};
		B920310A29B39E4500207F9C /* Build configuration list for PBXNativeTarget "calcTests" */ = {
			isa = XCConfigurationList;
			buildConfigurations = (
				B920310B29B39E4500207F9C /* Debug */,
				B920310C29B39E4500207F9C /* Release */,
			);
			defaultConfigurationIsVisible = 0;
			defaultConfigurationName = Release;
		};
		B920310D29B39E4500207F9C /* Build configuration list for PBXNativeTarget "calcUITests" */ = {
			isa = XCConfigurationList;
			buildConfigurations = (
				B920310E29B39E4500207F9C /* Debug */,
				B920310F29B39E4500207F9C /* Release */,
			);
			defaultConfigurationIsVisible = 0;
			defaultConfigurationName = Release;
		};
/* End XCConfigurationList section */
	};
	rootObject = B92030D529B39E4400207F9C /* Project object */;
}
